Microsoft Visual Studio Solution File, Format Version 12.00
# Visual Studio Version 17
VisualStudioVersion = 17.5.2.0
MinimumVisualStudioVersion = 10.0.40219.1
Project("{FAE04EC0-301F-11D3-BF4B-00C04F79EFBC}") = "05-Condizioni", "05-Condizioni\05-Condizioni.csproj", "{666E00B8-6659-BAF6-1644-A25ED3A10EA6}"
EndProject
Project("{FAE04EC0-301F-11D3-BF4B-00C04F79EFBC}") = "07-metodiStringa", "07-metodiStringa\07-metodiStringa.csproj", "{C04D24F4-77F7-669E-5A43-D95A871C749E}"
EndProject
Project("{FAE04EC0-301F-11D3-BF4B-00C04F79EFBC}") = "10-Random", "10-Random\10-Random.csproj", "{D6332CBF-EB5B-EA74-47C0-9B731B8EAE8A}"
EndProject
Project("{FAE04EC0-301F-11D3-BF4B-00C04F79EFBC}") = "12-Date", "12-Date\12-Date.csproj", "{25D5323B-F8FC-389E-C1E1-EF7DE19E1C22}"
EndProject
Project("{FAE04EC0-301F-11D3-BF4B-00C04F79EFBC}") = "06-Cicli", "06-Cicli\06-Cicli.csproj", "{698E012F-5092-25C6-65CA-CD04CE20C851}"
EndProject
Project("{FAE04EC0-301F-11D3-BF4B-00C04F79EFBC}") = "12-Funzioni", "12-Funzioni\12-Funzioni.csproj", "{FCE437C0-82A9-0F6F-4FE9-ECB18C85B343}"
EndProject
Project("{FAE04EC0-301F-11D3-BF4B-00C04F79EFBC}") = "13-Metodi-File", "13-Metodi-File\13-Metodi-File.csproj", "{1ACC3AE1-EFF5-6EBC-315E-D9CDC85DED40}"
EndProject
Project("{FAE04EC0-301F-11D3-BF4B-00C04F79EFBC}") = "04-operatori", "04-operatori\04-operatori.csproj", "{7F49BE7A-DD68-1C69-719D-A0554FBAB44F}"
EndProject
Project("{FAE04EC0-301F-11D3-BF4B-00C04F79EFBC}") = "02_tipi-di-dati", "02_tipi-di-dati\02_tipi-di-dati.csproj", "{A217424F-B1A5-DAEF-FF89-9882C68C28CE}"
EndProject
Project("{FAE04EC0-301F-11D3-BF4B-00C04F79EFBC}") = "09-metodiListe", "09-metodiListe\09-metodiListe.csproj", "{FADA3C63-D524-5AA8-58E6-DDE39CB9C183}"
EndProject
Project("{FAE04EC0-301F-11D3-BF4B-00C04F79EFBC}") = "11-Dizionario-Liste", "11-Dizionario-Liste\11-Dizionario-Liste.csproj", "{43AC13A7-7C77-372F-8131-E53B5C0F2970}"
EndProject
Project("{FAE04EC0-301F-11D3-BF4B-00C04F79EFBC}") = "08-metodiArray", "08-metodiArray\08-metodiArray.csproj", "{10621BA6-606A-A2FD-0C2D-0907CEC63DA0}"
EndProject
Project("{2150E333-8FDC-42A3-9474-1A3956D46DE8}") = "es-casa", "es-casa", "{6CE9DCAA-C2C8-3A3B-6A1C-42DB615770A7}"
EndProject
Project("{2150E333-8FDC-42A3-9474-1A3956D46DE8}") = "assignament", "assignament", "{766990A1-0FD7-D9DA-D6CE-7C4898C67977}"
EndProject
Project("{FAE04EC0-301F-11D3-BF4B-00C04F79EFBC}") = "sortPartecipanti", "es-casa\sortPartecipanti\sortPartecipanti.csproj", "{8E0068DD-E631-960B-EB38-5DFDDE9A2B7A}"
EndProject
Project("{FAE04EC0-301F-11D3-BF4B-00C04F79EFBC}") = "dizionario-squadre", "es-casa\dizionario-squadre\dizionario-squadre.csproj", "{63D3785B-3D84-6571-563B-1883173DB479}"
EndProject
Project("{FAE04EC0-301F-11D3-BF4B-00C04F79EFBC}") = "generaPassword", "es-casa\generaPassword\generaPassword.csproj", "{2286DC53-1B54-ADCE-2350-B139CEA02AA1}"
EndProject
Project("{FAE04EC0-301F-11D3-BF4B-00C04F79EFBC}") = "liste-nomi-eta", "es-casa\liste-nomi-eta\liste-nomi-eta.csproj", "{0ECF054F-76CB-7DEB-6E87-534A70C7BF99}"
EndProject
Project("{FAE04EC0-301F-11D3-BF4B-00C04F79EFBC}") = "esDiscord", "es-casa\esDiscord\esDiscord.csproj", "{63037477-0586-6E01-2B4B-BF7933A77E09}"
EndProject
Project("{FAE04EC0-301F-11D3-BF4B-00C04F79EFBC}") = "compito12-FoglioPartecipanti", "assignament\compito12-FoglioPartecipanti\compito12-FoglioPartecipanti.csproj", "{3414108E-D5B5-0F5C-9C8C-CE6EA5250535}"
EndProject
Project("{FAE04EC0-301F-11D3-BF4B-00C04F79EFBC}") = "compito9-CalcConFunzioni", "assignament\compito9-CalcConFunzioni\compito9-CalcConFunzioni.csproj", "{E732F71C-A4B7-29EF-7F86-C9596B15F7E1}"
EndProject
Project("{FAE04EC0-301F-11D3-BF4B-00C04F79EFBC}") = "compito3-elencoPartecipanti", "assignament\compito3-elencoPartecipanti\compito3-elencoPartecipanti.csproj", "{FE6C538A-0268-3EE5-7996-EC80073BBA03}"
EndProject
Project("{FAE04EC0-301F-11D3-BF4B-00C04F79EFBC}") = "Compito13-CSV", "assignament\Compito13-CSV\Compito13-CSV.csproj", "{1D243341-9F62-21AB-4A68-16646B716A99}"
EndProject
Project("{FAE04EC0-301F-11D3-BF4B-00C04F79EFBC}") = "compito10-sorteggioFunz", "assignament\compito10-sorteggioFunz\compito10-sorteggioFunz.csproj", "{68C3C783-4457-A5B3-93CD-5D96C0AE6E85}"
EndProject
Project("{FAE04EC0-301F-11D3-BF4B-00C04F79EFBC}") = "compito5-EsArray", "assignament\compito5-EsArray\compito5-EsArray.csproj", "{08DDA3A6-FC2F-6A66-11AD-AA8180F1EEAA}"
EndProject
Project("{FAE04EC0-301F-11D3-BF4B-00C04F79EFBC}") = "compito11-filesBackUp", "assignament\compito11-filesBackUp\compito11-filesBackUp.csproj", "{BF0CF2BE-D449-906B-5FE7-FF9888C04F50}"
EndProject
Project("{FAE04EC0-301F-11D3-BF4B-00C04F79EFBC}") = "compito2-FIZZBUZZ", "assignament\compito2-FIZZBUZZ\compito2-FIZZBUZZ.csproj", "{CA8CCEF5-3E98-47F0-4A43-94C3D034DC5F}"
EndProject
Project("{FAE04EC0-301F-11D3-BF4B-00C04F79EFBC}") = "compito4-Format", "assignament\compito4-Format\compito4-Format.csproj", "{838D6807-074F-DAD4-7EC8-99652FD6BBEE}"
EndProject
Project("{FAE04EC0-301F-11D3-BF4B-00C04F79EFBC}") = "compito12.2", "assignament\compito12.2\compito12.2.csproj", "{37C8CAD3-A8D4-5B5F-EBEC-04D29C175449}"
EndProject
Project("{FAE04EC0-301F-11D3-BF4B-00C04F79EFBC}") = "compito6-assegnaPassword", "assignament\compito6-assegnaPassword\compito6-assegnaPassword.csproj", "{4BF5E2A6-401C-B7CE-6A9D-DC2EDAA8C4A0}"
EndProject
Project("{FAE04EC0-301F-11D3-BF4B-00C04F79EFBC}") = "compito1", "assignament\compito1-calcolatrice\compito1.csproj", "{5004DDFF-E7A7-3BF6-5D88-C6DC17328D99}"
EndProject
Global
	GlobalSection(SolutionConfigurationPlatforms) = preSolution
		Debug|Any CPU = Debug|Any CPU
		Release|Any CPU = Release|Any CPU
	EndGlobalSection
	GlobalSection(ProjectConfigurationPlatforms) = postSolution
		{666E00B8-6659-BAF6-1644-A25ED3A10EA6}.Debug|Any CPU.ActiveCfg = Debug|Any CPU
		{666E00B8-6659-BAF6-1644-A25ED3A10EA6}.Debug|Any CPU.Build.0 = Debug|Any CPU
		{666E00B8-6659-BAF6-1644-A25ED3A10EA6}.Release|Any CPU.ActiveCfg = Release|Any CPU
		{666E00B8-6659-BAF6-1644-A25ED3A10EA6}.Release|Any CPU.Build.0 = Release|Any CPU
		{C04D24F4-77F7-669E-5A43-D95A871C749E}.Debug|Any CPU.ActiveCfg = Debug|Any CPU
		{C04D24F4-77F7-669E-5A43-D95A871C749E}.Debug|Any CPU.Build.0 = Debug|Any CPU
		{C04D24F4-77F7-669E-5A43-D95A871C749E}.Release|Any CPU.ActiveCfg = Release|Any CPU
		{C04D24F4-77F7-669E-5A43-D95A871C749E}.Release|Any CPU.Build.0 = Release|Any CPU
		{D6332CBF-EB5B-EA74-47C0-9B731B8EAE8A}.Debug|Any CPU.ActiveCfg = Debug|Any CPU
		{D6332CBF-EB5B-EA74-47C0-9B731B8EAE8A}.Debug|Any CPU.Build.0 = Debug|Any CPU
		{D6332CBF-EB5B-EA74-47C0-9B731B8EAE8A}.Release|Any CPU.ActiveCfg = Release|Any CPU
		{D6332CBF-EB5B-EA74-47C0-9B731B8EAE8A}.Release|Any CPU.Build.0 = Release|Any CPU
		{25D5323B-F8FC-389E-C1E1-EF7DE19E1C22}.Debug|Any CPU.ActiveCfg = Debug|Any CPU
		{25D5323B-F8FC-389E-C1E1-EF7DE19E1C22}.Debug|Any CPU.Build.0 = Debug|Any CPU
		{25D5323B-F8FC-389E-C1E1-EF7DE19E1C22}.Release|Any CPU.ActiveCfg = Release|Any CPU
		{25D5323B-F8FC-389E-C1E1-EF7DE19E1C22}.Release|Any CPU.Build.0 = Release|Any CPU
		{698E012F-5092-25C6-65CA-CD04CE20C851}.Debug|Any CPU.ActiveCfg = Debug|Any CPU
		{698E012F-5092-25C6-65CA-CD04CE20C851}.Debug|Any CPU.Build.0 = Debug|Any CPU
		{698E012F-5092-25C6-65CA-CD04CE20C851}.Release|Any CPU.ActiveCfg = Release|Any CPU
		{698E012F-5092-25C6-65CA-CD04CE20C851}.Release|Any CPU.Build.0 = Release|Any CPU
		{FCE437C0-82A9-0F6F-4FE9-ECB18C85B343}.Debug|Any CPU.ActiveCfg = Debug|Any CPU
		{FCE437C0-82A9-0F6F-4FE9-ECB18C85B343}.Debug|Any CPU.Build.0 = Debug|Any CPU
		{FCE437C0-82A9-0F6F-4FE9-ECB18C85B343}.Release|Any CPU.ActiveCfg = Release|Any CPU
		{FCE437C0-82A9-0F6F-4FE9-ECB18C85B343}.Release|Any CPU.Build.0 = Release|Any CPU
		{1ACC3AE1-EFF5-6EBC-315E-D9CDC85DED40}.Debug|Any CPU.ActiveCfg = Debug|Any CPU
		{1ACC3AE1-EFF5-6EBC-315E-D9CDC85DED40}.Debug|Any CPU.Build.0 = Debug|Any CPU
		{1ACC3AE1-EFF5-6EBC-315E-D9CDC85DED40}.Release|Any CPU.ActiveCfg = Release|Any CPU
		{1ACC3AE1-EFF5-6EBC-315E-D9CDC85DED40}.Release|Any CPU.Build.0 = Release|Any CPU
		{7F49BE7A-DD68-1C69-719D-A0554FBAB44F}.Debug|Any CPU.ActiveCfg = Debug|Any CPU
		{7F49BE7A-DD68-1C69-719D-A0554FBAB44F}.Debug|Any CPU.Build.0 = Debug|Any CPU
		{7F49BE7A-DD68-1C69-719D-A0554FBAB44F}.Release|Any CPU.ActiveCfg = Release|Any CPU
		{7F49BE7A-DD68-1C69-719D-A0554FBAB44F}.Release|Any CPU.Build.0 = Release|Any CPU
		{A217424F-B1A5-DAEF-FF89-9882C68C28CE}.Debug|Any CPU.ActiveCfg = Debug|Any CPU
		{A217424F-B1A5-DAEF-FF89-9882C68C28CE}.Debug|Any CPU.Build.0 = Debug|Any CPU
		{A217424F-B1A5-DAEF-FF89-9882C68C28CE}.Release|Any CPU.ActiveCfg = Release|Any CPU
		{A217424F-B1A5-DAEF-FF89-9882C68C28CE}.Release|Any CPU.Build.0 = Release|Any CPU
		{FADA3C63-D524-5AA8-58E6-DDE39CB9C183}.Debug|Any CPU.ActiveCfg = Debug|Any CPU
		{FADA3C63-D524-5AA8-58E6-DDE39CB9C183}.Debug|Any CPU.Build.0 = Debug|Any CPU
		{FADA3C63-D524-5AA8-58E6-DDE39CB9C183}.Release|Any CPU.ActiveCfg = Release|Any CPU
		{FADA3C63-D524-5AA8-58E6-DDE39CB9C183}.Release|Any CPU.Build.0 = Release|Any CPU
		{43AC13A7-7C77-372F-8131-E53B5C0F2970}.Debug|Any CPU.ActiveCfg = Debug|Any CPU
		{43AC13A7-7C77-372F-8131-E53B5C0F2970}.Debug|Any CPU.Build.0 = Debug|Any CPU
		{43AC13A7-7C77-372F-8131-E53B5C0F2970}.Release|Any CPU.ActiveCfg = Release|Any CPU
		{43AC13A7-7C77-372F-8131-E53B5C0F2970}.Release|Any CPU.Build.0 = Release|Any CPU
		{10621BA6-606A-A2FD-0C2D-0907CEC63DA0}.Debug|Any CPU.ActiveCfg = Debug|Any CPU
		{10621BA6-606A-A2FD-0C2D-0907CEC63DA0}.Debug|Any CPU.Build.0 = Debug|Any CPU
		{10621BA6-606A-A2FD-0C2D-0907CEC63DA0}.Release|Any CPU.ActiveCfg = Release|Any CPU
		{10621BA6-606A-A2FD-0C2D-0907CEC63DA0}.Release|Any CPU.Build.0 = Release|Any CPU
		{8E0068DD-E631-960B-EB38-5DFDDE9A2B7A}.Debug|Any CPU.ActiveCfg = Debug|Any CPU
		{8E0068DD-E631-960B-EB38-5DFDDE9A2B7A}.Debug|Any CPU.Build.0 = Debug|Any CPU
		{8E0068DD-E631-960B-EB38-5DFDDE9A2B7A}.Release|Any CPU.ActiveCfg = Release|Any CPU
		{8E0068DD-E631-960B-EB38-5DFDDE9A2B7A}.Release|Any CPU.Build.0 = Release|Any CPU
		{63D3785B-3D84-6571-563B-1883173DB479}.Debug|Any CPU.ActiveCfg = Debug|Any CPU
		{63D3785B-3D84-6571-563B-1883173DB479}.Debug|Any CPU.Build.0 = Debug|Any CPU
		{63D3785B-3D84-6571-563B-1883173DB479}.Release|Any CPU.ActiveCfg = Release|Any CPU
		{63D3785B-3D84-6571-563B-1883173DB479}.Release|Any CPU.Build.0 = Release|Any CPU
		{2286DC53-1B54-ADCE-2350-B139CEA02AA1}.Debug|Any CPU.ActiveCfg = Debug|Any CPU
		{2286DC53-1B54-ADCE-2350-B139CEA02AA1}.Debug|Any CPU.Build.0 = Debug|Any CPU
		{2286DC53-1B54-ADCE-2350-B139CEA02AA1}.Release|Any CPU.ActiveCfg = Release|Any CPU
		{2286DC53-1B54-ADCE-2350-B139CEA02AA1}.Release|Any CPU.Build.0 = Release|Any CPU
		{0ECF054F-76CB-7DEB-6E87-534A70C7BF99}.Debug|Any CPU.ActiveCfg = Debug|Any CPU
		{0ECF054F-76CB-7DEB-6E87-534A70C7BF99}.Debug|Any CPU.Build.0 = Debug|Any CPU
		{0ECF054F-76CB-7DEB-6E87-534A70C7BF99}.Release|Any CPU.ActiveCfg = Release|Any CPU
		{0ECF054F-76CB-7DEB-6E87-534A70C7BF99}.Release|Any CPU.Build.0 = Release|Any CPU
		{63037477-0586-6E01-2B4B-BF7933A77E09}.Debug|Any CPU.ActiveCfg = Debug|Any CPU
		{63037477-0586-6E01-2B4B-BF7933A77E09}.Debug|Any CPU.Build.0 = Debug|Any CPU
		{63037477-0586-6E01-2B4B-BF7933A77E09}.Release|Any CPU.ActiveCfg = Release|Any CPU
		{63037477-0586-6E01-2B4B-BF7933A77E09}.Release|Any CPU.Build.0 = Release|Any CPU
		{3414108E-D5B5-0F5C-9C8C-CE6EA5250535}.Debug|Any CPU.ActiveCfg = Debug|Any CPU
		{3414108E-D5B5-0F5C-9C8C-CE6EA5250535}.Debug|Any CPU.Build.0 = Debug|Any CPU
		{3414108E-D5B5-0F5C-9C8C-CE6EA5250535}.Release|Any CPU.ActiveCfg = Release|Any CPU
		{3414108E-D5B5-0F5C-9C8C-CE6EA5250535}.Release|Any CPU.Build.0 = Release|Any CPU
		{E732F71C-A4B7-29EF-7F86-C9596B15F7E1}.Debug|Any CPU.ActiveCfg = Debug|Any CPU
		{E732F71C-A4B7-29EF-7F86-C9596B15F7E1}.Debug|Any CPU.Build.0 = Debug|Any CPU
		{E732F71C-A4B7-29EF-7F86-C9596B15F7E1}.Release|Any CPU.ActiveCfg = Release|Any CPU
		{E732F71C-A4B7-29EF-7F86-C9596B15F7E1}.Release|Any CPU.Build.0 = Release|Any CPU
		{FE6C538A-0268-3EE5-7996-EC80073BBA03}.Debug|Any CPU.ActiveCfg = Debug|Any CPU
		{FE6C538A-0268-3EE5-7996-EC80073BBA03}.Debug|Any CPU.Build.0 = Debug|Any CPU
		{FE6C538A-0268-3EE5-7996-EC80073BBA03}.Release|Any CPU.ActiveCfg = Release|Any CPU
		{FE6C538A-0268-3EE5-7996-EC80073BBA03}.Release|Any CPU.Build.0 = Release|Any CPU
		{1D243341-9F62-21AB-4A68-16646B716A99}.Debug|Any CPU.ActiveCfg = Debug|Any CPU
		{1D243341-9F62-21AB-4A68-16646B716A99}.Debug|Any CPU.Build.0 = Debug|Any CPU
		{1D243341-9F62-21AB-4A68-16646B716A99}.Release|Any CPU.ActiveCfg = Release|Any CPU
		{1D243341-9F62-21AB-4A68-16646B716A99}.Release|Any CPU.Build.0 = Release|Any CPU
		{68C3C783-4457-A5B3-93CD-5D96C0AE6E85}.Debug|Any CPU.ActiveCfg = Debug|Any CPU
		{68C3C783-4457-A5B3-93CD-5D96C0AE6E85}.Debug|Any CPU.Build.0 = Debug|Any CPU
		{68C3C783-4457-A5B3-93CD-5D96C0AE6E85}.Release|Any CPU.ActiveCfg = Release|Any CPU
		{68C3C783-4457-A5B3-93CD-5D96C0AE6E85}.Release|Any CPU.Build.0 = Release|Any CPU
		{08DDA3A6-FC2F-6A66-11AD-AA8180F1EEAA}.Debug|Any CPU.ActiveCfg = Debug|Any CPU
		{08DDA3A6-FC2F-6A66-11AD-AA8180F1EEAA}.Debug|Any CPU.Build.0 = Debug|Any CPU
		{08DDA3A6-FC2F-6A66-11AD-AA8180F1EEAA}.Release|Any CPU.ActiveCfg = Release|Any CPU
		{08DDA3A6-FC2F-6A66-11AD-AA8180F1EEAA}.Release|Any CPU.Build.0 = Release|Any CPU
		{BF0CF2BE-D449-906B-5FE7-FF9888C04F50}.Debug|Any CPU.ActiveCfg = Debug|Any CPU
		{BF0CF2BE-D449-906B-5FE7-FF9888C04F50}.Debug|Any CPU.Build.0 = Debug|Any CPU
		{BF0CF2BE-D449-906B-5FE7-FF9888C04F50}.Release|Any CPU.ActiveCfg = Release|Any CPU
		{BF0CF2BE-D449-906B-5FE7-FF9888C04F50}.Release|Any CPU.Build.0 = Release|Any CPU
		{CA8CCEF5-3E98-47F0-4A43-94C3D034DC5F}.Debug|Any CPU.ActiveCfg = Debug|Any CPU
		{CA8CCEF5-3E98-47F0-4A43-94C3D034DC5F}.Debug|Any CPU.Build.0 = Debug|Any CPU
		{CA8CCEF5-3E98-47F0-4A43-94C3D034DC5F}.Release|Any CPU.ActiveCfg = Release|Any CPU
		{CA8CCEF5-3E98-47F0-4A43-94C3D034DC5F}.Release|Any CPU.Build.0 = Release|Any CPU
		{838D6807-074F-DAD4-7EC8-99652FD6BBEE}.Debug|Any CPU.ActiveCfg = Debug|Any CPU
		{838D6807-074F-DAD4-7EC8-99652FD6BBEE}.Debug|Any CPU.Build.0 = Debug|Any CPU
		{838D6807-074F-DAD4-7EC8-99652FD6BBEE}.Release|Any CPU.ActiveCfg = Release|Any CPU
		{838D6807-074F-DAD4-7EC8-99652FD6BBEE}.Release|Any CPU.Build.0 = Release|Any CPU
		{37C8CAD3-A8D4-5B5F-EBEC-04D29C175449}.Debug|Any CPU.ActiveCfg = Debug|Any CPU
		{37C8CAD3-A8D4-5B5F-EBEC-04D29C175449}.Debug|Any CPU.Build.0 = Debug|Any CPU
		{37C8CAD3-A8D4-5B5F-EBEC-04D29C175449}.Release|Any CPU.ActiveCfg = Release|Any CPU
		{37C8CAD3-A8D4-5B5F-EBEC-04D29C175449}.Release|Any CPU.Build.0 = Release|Any CPU
		{4BF5E2A6-401C-B7CE-6A9D-DC2EDAA8C4A0}.Debug|Any CPU.ActiveCfg = Debug|Any CPU
		{4BF5E2A6-401C-B7CE-6A9D-DC2EDAA8C4A0}.Debug|Any CPU.Build.0 = Debug|Any CPU
		{4BF5E2A6-401C-B7CE-6A9D-DC2EDAA8C4A0}.Release|Any CPU.ActiveCfg = Release|Any CPU
		{4BF5E2A6-401C-B7CE-6A9D-DC2EDAA8C4A0}.Release|Any CPU.Build.0 = Release|Any CPU
		{5004DDFF-E7A7-3BF6-5D88-C6DC17328D99}.Debug|Any CPU.ActiveCfg = Debug|Any CPU
		{5004DDFF-E7A7-3BF6-5D88-C6DC17328D99}.Debug|Any CPU.Build.0 = Debug|Any CPU
		{5004DDFF-E7A7-3BF6-5D88-C6DC17328D99}.Release|Any CPU.ActiveCfg = Release|Any CPU
		{5004DDFF-E7A7-3BF6-5D88-C6DC17328D99}.Release|Any CPU.Build.0 = Release|Any CPU
	EndGlobalSection
	GlobalSection(SolutionProperties) = preSolution
		HideSolutionNode = FALSE
	EndGlobalSection
	GlobalSection(NestedProjects) = preSolution
		{8E0068DD-E631-960B-EB38-5DFDDE9A2B7A} = {6CE9DCAA-C2C8-3A3B-6A1C-42DB615770A7}
		{63D3785B-3D84-6571-563B-1883173DB479} = {6CE9DCAA-C2C8-3A3B-6A1C-42DB615770A7}
		{2286DC53-1B54-ADCE-2350-B139CEA02AA1} = {6CE9DCAA-C2C8-3A3B-6A1C-42DB615770A7}
		{0ECF054F-76CB-7DEB-6E87-534A70C7BF99} = {6CE9DCAA-C2C8-3A3B-6A1C-42DB615770A7}
		{63037477-0586-6E01-2B4B-BF7933A77E09} = {6CE9DCAA-C2C8-3A3B-6A1C-42DB615770A7}
		{3414108E-D5B5-0F5C-9C8C-CE6EA5250535} = {766990A1-0FD7-D9DA-D6CE-7C4898C67977}
		{E732F71C-A4B7-29EF-7F86-C9596B15F7E1} = {766990A1-0FD7-D9DA-D6CE-7C4898C67977}
		{FE6C538A-0268-3EE5-7996-EC80073BBA03} = {766990A1-0FD7-D9DA-D6CE-7C4898C67977}
		{1D243341-9F62-21AB-4A68-16646B716A99} = {766990A1-0FD7-D9DA-D6CE-7C4898C67977}
		{68C3C783-4457-A5B3-93CD-5D96C0AE6E85} = {766990A1-0FD7-D9DA-D6CE-7C4898C67977}
		{08DDA3A6-FC2F-6A66-11AD-AA8180F1EEAA} = {766990A1-0FD7-D9DA-D6CE-7C4898C67977}
		{BF0CF2BE-D449-906B-5FE7-FF9888C04F50} = {766990A1-0FD7-D9DA-D6CE-7C4898C67977}
		{CA8CCEF5-3E98-47F0-4A43-94C3D034DC5F} = {766990A1-0FD7-D9DA-D6CE-7C4898C67977}
		{838D6807-074F-DAD4-7EC8-99652FD6BBEE} = {766990A1-0FD7-D9DA-D6CE-7C4898C67977}
		{37C8CAD3-A8D4-5B5F-EBEC-04D29C175449} = {766990A1-0FD7-D9DA-D6CE-7C4898C67977}
		{4BF5E2A6-401C-B7CE-6A9D-DC2EDAA8C4A0} = {766990A1-0FD7-D9DA-D6CE-7C4898C67977}
		{5004DDFF-E7A7-3BF6-5D88-C6DC17328D99} = {766990A1-0FD7-D9DA-D6CE-7C4898C67977}
	EndGlobalSection
	GlobalSection(ExtensibilityGlobals) = postSolution
		SolutionGuid = {2B9EBE24-D3C1-446A-AB04-FDF5E14C5DE4}
	EndGlobalSection
EndGlobal
